
Microsoft Visual Studio Solution File, Format Version 12.00
# Visual Studio Version 17
VisualStudioVersion = 17.4.33213.308
MinimumVisualStudioVersion = 10.0.40219.1
Project("{FAE04EC0-301F-11D3-BF4B-00C04F79EFBC}") = "EShopperAngular", "EShopperAngular.csproj", "{C992E48B-466F-4227-854E-AD6C1E086B23}"
EndProject
Global
	GlobalSection(SolutionConfigurationPlatforms) = preSolution
		Debug|Any CPU = Debug|Any CPU
		Release|Any CPU = Release|Any CPU
	EndGlobalSection
	GlobalSection(ProjectConfigurationPlatforms) = postSolution
		{C992E48B-466F-4227-854E-AD6C1E086B23}.Debug|Any CPU.ActiveCfg = Debug|Any CPU
		{C992E48B-466F-4227-854E-AD6C1E086B23}.Debug|Any CPU.Build.0 = Debug|Any CPU
		{C992E48B-466F-4227-854E-AD6C1E086B23}.Release|Any CPU.ActiveCfg = Release|Any CPU
		{C992E48B-466F-4227-854E-AD6C1E086B23}.Release|Any CPU.Build.0 = Release|Any CPU
	EndGlobalSection
	GlobalSection(SolutionProperties) = preSolution
		HideSolutionNode = FALSE
	EndGlobalSection
	GlobalSection(ExtensibilityGlobals) = postSolution
		SolutionGuid = {017FC9C8-4079-471D-A813-C2E58558E2B4}
	EndGlobalSection
EndGlobal
